<Solution>
  <Folder Name="/src/">
    <Project Path="AvaloniaUI.App/AvaloniaUI.App.csproj" />
    <Project Path="AvaloniaUI.Core/AvaloniaUI.Core.csproj" />
    <Project Path="AvaloniaUI.Services/AvaloniaUI.Services.csproj" />
  </Folder>
  <Folder Name="/src/samples/">
    <Project Path="AvaloniaUI.SVG/AvaloniaUI.SVG.csproj" Id="c8b04a97-e879-48e9-a43b-27dcfe85d924" />
  </Folder>
  <Folder Name="/test/">
    <Project Path="AvaloniaUI.Test/AvaloniaUI.Test.csproj" />
  </Folder>
</Solution>
