<Solution>
  <Folder Name="/src/">
    <Project Path="AvaloniaUI.App/AvaloniaUI.App.csproj" />
    <Project Path="AvaloniaUI.Core/AvaloniaUI.Core.csproj" />
    <Project Path="AvaloniaUI.Services/AvaloniaUI.Services.csproj" />
  </Folder>
  <Folder Name="/src/samples/">
    <Project Path="AvaloniaUI.SVG/AvaloniaUI.SVG.csproj" Id="29af7fb8-44bb-4a01-8811-3861564f3131" />
  </Folder>
  <Folder Name="/test/">
    <Project Path="AvaloniaUI.Test/AvaloniaUI.Test.csproj" />
  </Folder>
</Solution>
